Microsoft Visual Studio Solution File, Format Version 11.00
# Visual Studio 2008

Project("{12C85454-A7E2-9687-586A-CBA9D793BF17}") = "VroomBoom_Proto3", "Assembly-CSharp.csproj", "{F9017F4A-18CE-B4A4-1072-1C68668A5AF4}"
EndProject
Global
	GlobalSection(SolutionConfigurationPlatforms) = preSolution
		Debug|Any CPU = Debug|Any CPU
		Release|Any CPU = Release|Any CPU
	EndGlobalSection
	GlobalSection(ProjectConfigurationPlatforms) = postSolution
		{F9017F4A-18CE-B4A4-1072-1C68668A5AF4}.Debug|Any CPU.ActiveCfg = Debug|Any CPU
		{F9017F4A-18CE-B4A4-1072-1C68668A5AF4}.Debug|Any CPU.Build.0 = Debug|Any CPU
		{F9017F4A-18CE-B4A4-1072-1C68668A5AF4}.Release|Any CPU.ActiveCfg = Release|Any CPU
		{F9017F4A-18CE-B4A4-1072-1C68668A5AF4}.Release|Any CPU.Build.0 = Release|Any CPU
	EndGlobalSection
	GlobalSection(SolutionProperties) = preSolution
		HideSolutionNode = FALSE
	EndGlobalSection
	GlobalSection(MonoDevelopProperties) = preSolution
		StartupItem = Assembly-CSharp.csproj
	EndGlobalSection
EndGlobal
